
Microsoft Visual Studio Solution File, Format Version 12.00
# Visual Studio Version 17
VisualStudioVersion = 17.4.33403.182
MinimumVisualStudioVersion = 10.0.40219.1
Project("{9A19103F-16F7-4668-BE54-9A1E7A4F7556}") = "LoadingTemplateTest", "src\LoadingTemplateTest\LoadingTemplateTest.csproj", "{334A57FE-AF9C-4E1C-94BA-53AC761DA57E}"
EndProject
Project("{9A19103F-16F7-4668-BE54-9A1E7A4F7556}") = "BackendService", "src\BackendService\BackendService.csproj", "{CD3AFEB8-3B43-4B03-94BB-AAEFE2D9B54B}"
EndProject
Project("{2150E333-8FDC-42A3-9474-1A3956D46DE8}") = "protos", "protos", "{F0DDBB3C-89C0-478D-9F76-D0127796567E}"
	ProjectSection(SolutionItems) = preProject
		protos\customers.proto = protos\customers.proto
	EndProjectSection
EndProject
Global
	GlobalSection(SolutionConfigurationPlatforms) = preSolution
		Debug|Any CPU = Debug|Any CPU
		Release|Any CPU = Release|Any CPU
	EndGlobalSection
	GlobalSection(ProjectConfigurationPlatforms) = postSolution
		{334A57FE-AF9C-4E1C-94BA-53AC761DA57E}.Debug|Any CPU.ActiveCfg = Debug|Any CPU
		{334A57FE-AF9C-4E1C-94BA-53AC761DA57E}.Debug|Any CPU.Build.0 = Debug|Any CPU
		{334A57FE-AF9C-4E1C-94BA-53AC761DA57E}.Release|Any CPU.ActiveCfg = Release|Any CPU
		{334A57FE-AF9C-4E1C-94BA-53AC761DA57E}.Release|Any CPU.Build.0 = Release|Any CPU
		{CD3AFEB8-3B43-4B03-94BB-AAEFE2D9B54B}.Debug|Any CPU.ActiveCfg = Debug|Any CPU
		{CD3AFEB8-3B43-4B03-94BB-AAEFE2D9B54B}.Debug|Any CPU.Build.0 = Debug|Any CPU
		{CD3AFEB8-3B43-4B03-94BB-AAEFE2D9B54B}.Release|Any CPU.ActiveCfg = Release|Any CPU
		{CD3AFEB8-3B43-4B03-94BB-AAEFE2D9B54B}.Release|Any CPU.Build.0 = Release|Any CPU
	EndGlobalSection
	GlobalSection(SolutionProperties) = preSolution
		HideSolutionNode = FALSE
	EndGlobalSection
	GlobalSection(ExtensibilityGlobals) = postSolution
		SolutionGuid = {3261FD61-0799-41A5-B647-F74D6CFAEE4F}
	EndGlobalSection
EndGlobal
